
Microsoft Visual Studio Solution File, Format Version 12.00
# Visual Studio Version 17
VisualStudioVersion = 17.10.35122.118
MinimumVisualStudioVersion = 10.0.40219.1
Project("{FAE04EC0-301F-11D3-BF4B-00C04F79EFBC}") = "ExpenseTracker", "ExpenseTracker.csproj", "{562FDC7E-D6C2-4F64-91FD-76FB6AF14284}"
EndProject
Global
	GlobalSection(SolutionConfigurationPlatforms) = preSolution
		Debug|Any CPU = Debug|Any CPU
		Release|Any CPU = Release|Any CPU
	EndGlobalSection
	GlobalSection(ProjectConfigurationPlatforms) = postSolution
		{562FDC7E-D6C2-4F64-91FD-76FB6AF14284}.Debug|Any CPU.ActiveCfg = Debug|Any CPU
		{562FDC7E-D6C2-4F64-91FD-76FB6AF14284}.Debug|Any CPU.Build.0 = Debug|Any CPU
		{562FDC7E-D6C2-4F64-91FD-76FB6AF14284}.Release|Any CPU.ActiveCfg = Release|Any CPU
		{562FDC7E-D6C2-4F64-91FD-76FB6AF14284}.Release|Any CPU.Build.0 = Release|Any CPU
	EndGlobalSection
	GlobalSection(SolutionProperties) = preSolution
		HideSolutionNode = FALSE
	EndGlobalSection
	GlobalSection(ExtensibilityGlobals) = postSolution
		SolutionGuid = {AFC3ADD0-D96A-4E1B-8597-9F7B86DF58B2}
	EndGlobalSection
EndGlobal
